
Microsoft Visual Studio Solution File, Format Version 12.00
# Visual Studio Version 17
VisualStudioVersion = 17.5.002.0
MinimumVisualStudioVersion = 10.0.40219.1
Project("{FAE04EC0-301F-11D3-BF4B-00C04F79EFBC}") = "Timesheet", "Timesheet.csproj", "{3E910C5C-F9DE-44D1-98FA-36BFA421D59B}"
EndProject
Global
	GlobalSection(SolutionConfigurationPlatforms) = preSolution
		Debug|Any CPU = Debug|Any CPU
		Release|Any CPU = Release|Any CPU
	EndGlobalSection
	GlobalSection(ProjectConfigurationPlatforms) = postSolution
		{1364E5A0-99D5-4E6F-B6C5-456457723B89}.Debug|Any CPU.ActiveCfg = Debug|Any CPU
		{1364E5A0-99D5-4E6F-B6C5-456457723B89}.Debug|Any CPU.Build.0 = Debug|Any CPU
		{1364E5A0-99D5-4E6F-B6C5-456457723B89}.Release|Any CPU.ActiveCfg = Release|Any CPU
		{1364E5A0-99D5-4E6F-B6C5-456457723B89}.Release|Any CPU.Build.0 = Release|Any CPU
		{07D631B6-626A-4125-BEF7-9E0B6A40B5C4}.Debug|Any CPU.ActiveCfg = Debug|Any CPU
		{07D631B6-626A-4125-BEF7-9E0B6A40B5C4}.Debug|Any CPU.Build.0 = Debug|Any CPU
		{07D631B6-626A-4125-BEF7-9E0B6A40B5C4}.Release|Any CPU.ActiveCfg = Release|Any CPU
		{07D631B6-626A-4125-BEF7-9E0B6A40B5C4}.Release|Any CPU.Build.0 = Release|Any CPU
		{3E910C5C-F9DE-44D1-98FA-36BFA421D59B}.Debug|Any CPU.ActiveCfg = Debug|Any CPU
		{3E910C5C-F9DE-44D1-98FA-36BFA421D59B}.Debug|Any CPU.Build.0 = Debug|Any CPU
		{3E910C5C-F9DE-44D1-98FA-36BFA421D59B}.Release|Any CPU.ActiveCfg = Release|Any CPU
		{3E910C5C-F9DE-44D1-98FA-36BFA421D59B}.Release|Any CPU.Build.0 = Release|Any CPU
		{5B36972F-E6AA-4C3F-8B24-32F47231C7C7}.Debug|Any CPU.ActiveCfg = Debug|Any CPU
		{5B36972F-E6AA-4C3F-8B24-32F47231C7C7}.Debug|Any CPU.Build.0 = Debug|Any CPU
		{5B36972F-E6AA-4C3F-8B24-32F47231C7C7}.Release|Any CPU.ActiveCfg = Release|Any CPU
		{5B36972F-E6AA-4C3F-8B24-32F47231C7C7}.Release|Any CPU.Build.0 = Release|Any CPU
	EndGlobalSection
	GlobalSection(SolutionProperties) = preSolution
		HideSolutionNode = FALSE
	EndGlobalSection
	GlobalSection(ExtensibilityGlobals) = postSolution
		SolutionGuid = {7ABCB797-81DE-4564-A713-5655452FB992}
	EndGlobalSection
EndGlobal
